{
  "requires": true,
  "lockfileVersion": 1,
  "dependencies": {
    "ag-grid-community": {
      "version": "23.2.1",
      "resolved": "https://registry.npmjs.org/ag-grid-community/-/ag-grid-community-23.2.1.tgz",
      "integrity": "sha512-WHfDV7mFsd6eQJ5yOu26nnpnW7Gd02zcp9LHHfKQky8lfgTEo382qcja7MibHzB2f5vOCBdQnOPsWrbBNKRzhQ=="
    }
  }
}
